// !$*UTF8*$!
{
	archiveVersion = 1;
	classes = {
	};
	objectVersion = 50;
	objects = {

/* Begin PBXBuildFile section */
		F9A610AB2260039A009B26E9 /* AppDelegate.swift in Sources */ = {isa = PBXBuildFile; fileRef = F9A610AA2260039A009B26E9 /* AppDelegate.swift */; };
		F9A610B02260039A009B26E9 /* Main.storyboard in Resources */ = {isa = PBXBuildFile; fileRef = F9A610AE2260039A009B26E9 /* Main.storyboard */; };
		F9A610B22260039B009B26E9 /* Assets.xcassets in Resources */ = {isa = PBXBuildFile; fileRef = F9A610B12260039B009B26E9 /* Assets.xcassets */; };
		F9A610B52260039B009B26E9 /* LaunchScreen.storyboard in Resources */ = {isa = PBXBuildFile; fileRef = F9A610B32260039B009B26E9 /* LaunchScreen.storyboard */; };
		F9A610BD226037C4009B26E9 /* HomeTableViewController.swift in Sources */ = {isa = PBXBuildFile; fileRef = F9A610BC226037C4009B26E9 /* HomeTableViewController.swift */; };
		F9AF2D46226A379000EFA974 /* User.swift in Sources */ = {isa = PBXBuildFile; fileRef = F9AF2D45226A379000EFA974 /* User.swift */; };
		F9AF2D48226A385B00EFA974 /* BloodPressure.swift in Sources */ = {isa = PBXBuildFile; fileRef = F9AF2D47226A385B00EFA974 /* BloodPressure.swift */; };
		F9AF2D4B226A41FB00EFA974 /* HistoryTableViewController.swift in Sources */ = {isa = PBXBuildFile; fileRef = F9AF2D4A226A41FB00EFA974 /* HistoryTableViewController.swift */; };
		F9AF2D4D2271002200EFA974 /* BloodPressureTableViewCell.swift in Sources */ = {isa = PBXBuildFile; fileRef = F9AF2D4C2271002200EFA974 /* BloodPressureTableViewCell.swift */; };
/* End PBXBuildFile section */

/* Begin PBXFileReference section */
		F9A610A72260039A009B26E9 /* Sfygmos.app */ = {isa = PBXFileReference; explicitFileType = wrapper.application; includeInIndex = 0; path = Sfygmos.app; sourceTree = BUILT_PRODUCTS_DIR; };
		F9A610AA2260039A009B26E9 /* AppDelegate.swift */ = {isa = PBXFileReference; lastKnownFileType = sourcecode.swift; path = AppDelegate.swift; sourceTree = "<group>"; };
		F9A610AF2260039A009B26E9 /* Base */ = {isa = PBXFileReference; lastKnownFileType = file.storyboard; name = Base; path = Base.lproj/Main.storyboard; sourceTree = "<group>"; };
		F9A610B12260039B009B26E9 /* Assets.xcassets */ = {isa = PBXFileReference; lastKnownFileType = folder.assetcatalog; path = Assets.xcassets; sourceTree = "<group>"; };
		F9A610B42260039B009B26E9 /* Base */ = {isa = PBXFileReference; lastKnownFileType = file.storyboard; name = Base; path = Base.lproj/LaunchScreen.storyboard; sourceTree = "<group>"; };
		F9A610B62260039B009B26E9 /* Info.plist */ = {isa = PBXFileReference; lastKnownFileType = text.plist.xml; path = Info.plist; sourceTree = "<group>"; };
		F9A610BC226037C4009B26E9 /* HomeTableViewController.swift */ = {isa = PBXFileReference; lastKnownFileType = sourcecode.swift; path = HomeTableViewController.swift; sourceTree = "<group>"; };
		F9AF2D45226A379000EFA974 /* User.swift */ = {isa = PBXFileReference; lastKnownFileType = sourcecode.swift; path = User.swift; sourceTree = "<group>"; };
		F9AF2D47226A385B00EFA974 /* BloodPressure.swift */ = {isa = PBXFileReference; lastKnownFileType = sourcecode.swift; path = BloodPressure.swift; sourceTree = "<group>"; };
		F9AF2D4A226A41FB00EFA974 /* HistoryTableViewController.swift */ = {isa = PBXFileReference; lastKnownFileType = sourcecode.swift; path = HistoryTableViewController.swift; sourceTree = "<group>"; };
		F9AF2D4C2271002200EFA974 /* BloodPressureTableViewCell.swift */ = {isa = PBXFileReference; lastKnownFileType = sourcecode.swift; path = BloodPressureTableViewCell.swift; sourceTree = "<group>"; };
/* End PBXFileReference section */

/* Begin PBXFrameworksBuildPhase section */
		F9A610A42260039A009B26E9 /* Frameworks */ = {
			isa = PBXFrameworksBuildPhase;
			buildActionMask = 2147483647;
			files = (
			);
			runOnlyForDeploymentPostprocessing = 0;
		};
/* End PBXFrameworksBuildPhase section */

/* Begin PBXGroup section */
		F9A6109E2260039A009B26E9 = {
			isa = PBXGroup;
			children = (
				F9A610A92260039A009B26E9 /* Sfygmos */,
				F9A610A82260039A009B26E9 /* Products */,
			);
			sourceTree = "<group>";
		};
		F9A610A82260039A009B26E9 /* Products */ = {
			isa = PBXGroup;
			children = (
				F9A610A72260039A009B26E9 /* Sfygmos.app */,
			);
			name = Products;
			sourceTree = "<group>";
		};
		F9A610A92260039A009B26E9 /* Sfygmos */ = {
			isa = PBXGroup;
			children = (
				F9A610AA2260039A009B26E9 /* AppDelegate.swift */,
				F9AF2D49226A3B0F00EFA974 /* Model */,
				F9AF2D44226A375B00EFA974 /* View */,
				F9AF2D43226A375000EFA974 /* Controllers */,
				F9A610B12260039B009B26E9 /* Assets.xcassets */,
				F9A610B62260039B009B26E9 /* Info.plist */,
			);
			path = Sfygmos;
			sourceTree = "<group>";
		};
		F9AF2D43226A375000EFA974 /* Controllers */ = {
			isa = PBXGroup;
			children = (
				F9A610BC226037C4009B26E9 /* HomeTableViewController.swift */,
				F9AF2D4A226A41FB00EFA974 /* HistoryTableViewController.swift */,
				F9AF2D4C2271002200EFA974 /* BloodPressureTableViewCell.swift */,
			);
			path = Controllers;
			sourceTree = "<group>";
		};
		F9AF2D44226A375B00EFA974 /* View */ = {
			isa = PBXGroup;
			children = (
				F9A610B32260039B009B26E9 /* LaunchScreen.storyboard */,
				F9A610AE2260039A009B26E9 /* Main.storyboard */,
			);
			path = View;
			sourceTree = "<group>";
		};
		F9AF2D49226A3B0F00EFA974 /* Model */ = {
			isa = PBXGroup;
			children = (
				F9AF2D45226A379000EFA974 /* User.swift */,
				F9AF2D47226A385B00EFA974 /* BloodPressure.swift */,
			);
			path = Model;
			sourceTree = "<group>";
		};
/* End PBXGroup section */

/* Begin PBXNativeTarget section */
		F9A610A62260039A009B26E9 /* Sfygmos */ = {
			isa = PBXNativeTarget;
			buildConfigurationList = F9A610B92260039B009B26E9 /* Build configuration list for PBXNativeTarget "Sfygmos" */;
			buildPhases = (
				F9A610A32260039A009B26E9 /* Sources */,
				F9A610A42260039A009B26E9 /* Frameworks */,
				F9A610A52260039A009B26E9 /* Resources */,
			);
			buildRules = (
			);
			dependencies = (
			);
			name = Sfygmos;
			productName = Sfygmos;
			productReference = F9A610A72260039A009B26E9 /* Sfygmos.app */;
			productType = "com.apple.product-type.application";
		};
/* End PBXNativeTarget section */

/* Begin PBXProject section */
		F9A6109F2260039A009B26E9 /* Project object */ = {
			isa = PBXProject;
			attributes = {
				LastSwiftUpdateCheck = 1020;
				LastUpgradeCheck = 1020;
				ORGANIZATIONNAME = iregino;
				TargetAttributes = {
					F9A610A62260039A009B26E9 = {
						CreatedOnToolsVersion = 10.2;
					};
				};
			};
			buildConfigurationList = F9A610A22260039A009B26E9 /* Build configuration list for PBXProject "Sfygmos" */;
			compatibilityVersion = "Xcode 9.3";
			developmentRegion = en;
			hasScannedForEncodings = 0;
			knownRegions = (
				en,
				Base,
			);
			mainGroup = F9A6109E2260039A009B26E9;
			productRefGroup = F9A610A82260039A009B26E9 /* Products */;
			projectDirPath = "";
			projectRoot = "";
			targets = (
				F9A610A62260039A009B26E9 /* Sfygmos */,
			);
		};
/* End PBXProject section */

/* Begin PBXResourcesBuildPhase section */
		F9A610A52260039A009B26E9 /* Resources */ = {
			isa = PBXResourcesBuildPhase;
			buildActionMask = 2147483647;
			files = (
				F9A610B52260039B009B26E9 /* LaunchScreen.storyboard in Resources */,
				F9A610B22260039B009B26E9 /* Assets.xcassets in Resources */,
				F9A610B02260039A009B26E9 /* Main.storyboard in Resources */,
			);
			runOnlyForDeploymentPostprocessing = 0;
		};
/* End PBXResourcesBuildPhase section */

/* Begin PBXSourcesBuildPhase section */
		F9A610A32260039A009B26E9 /* Sources */ = {
			isa = PBXSourcesBuildPhase;
			buildActionMask = 2147483647;
			files = (
				F9A610BD226037C4009B26E9 /* HomeTableViewController.swift in Sources */,
				F9A610AB2260039A009B26E9 /* AppDelegate.swift in Sources */,
				F9AF2D46226A379000EFA974 /* User.swift in Sources */,
				F9AF2D48226A385B00EFA974 /* BloodPressure.swift in Sources */,
				F9AF2D4D2271002200EFA974 /* BloodPressureTableViewCell.swift in Sources */,
				F9AF2D4B226A41FB00EFA974 /* HistoryTableViewController.swift in Sources */,
			);
			runOnlyForDeploymentPostprocessing = 0;
		};
/* End PBXSourcesBuildPhase section */

/* Begin PBXVariantGroup section */
		F9A610AE2260039A009B26E9 /* Main.storyboard */ = {
			isa = PBXVariantGroup;
			children = (
				F9A610AF2260039A009B26E9 /* Base */,
			);
			name = Main.storyboard;
			sourceTree = "<group>";
		};
		F9A610B32260039B009B26E9 /* LaunchScreen.storyboard */ = {
			isa = PBXVariantGroup;
			children = (
				F9A610B42260039B009B26E9 /* Base */,
			);
			name = LaunchScreen.storyboard;
			sourceTree = "<group>";
		};
/* End PBXVariantGroup section */

/* Begin XCBuildConfiguration section */
		F9A610B72260039B009B26E9 /* Debug */ = {
			isa = XCBuildConfiguration;
			buildSettings = {
				ALWAYS_SEARCH_USER_PATHS = NO;
				CLANG_ANALYZER_NONNULL = YES;
				CLANG_ANALYZER_NUMBER_OBJECT_CONVERSION = YES_AGGRESSIVE;
				CLANG_CXX_LANGUAGE_STANDARD = "gnu++14";
				CLANG_CXX_LIBRARY = "libc++";
				CLANG_ENABLE_MODULES = YES;
				CLANG_ENABLE_OBJC_ARC = YES;
				CLANG_ENABLE_OBJC_WEAK = YES;
				CLANG_WARN_BLOCK_CAPTURE_AUTORELEASING = YES;
				CLANG_WARN_BOOL_CONVERSION = YES;
				CLANG_WARN_COMMA = YES;
				CLANG_WARN_CONSTANT_CONVERSION = YES;
				CLANG_WARN_DEPRECATED_OBJC_IMPLEMENTATIONS = YES;
				CLANG_WARN_DIRECT_OBJC_ISA_USAGE = YES_ERROR;
				CLANG_WARN_DOCUMENTATION_COMMENTS = YES;
				CLANG_WARN_EMPTY_BODY = YES;
				CLANG_WARN_ENUM_CONVERSION = YES;
				CLANG_WARN_INFINITE_RECURSION = YES;
				CLANG_WARN_INT_CONVERSION = YES;
				CLANG_WARN_NON_LITERAL_NULL_CONVERSION = YES;
				CLANG_WARN_OBJC_IMPLICIT_RETAIN_SELF = YES;
				CLANG_WARN_OBJC_LITERAL_CONVERSION = YES;
				CLANG_WARN_OBJC_ROOT_CLASS = YES_ERROR;
				CLANG_WARN_RANGE_LOOP_ANALYSIS = YES;
				CLANG_WARN_STRICT_PROTOTYPES = YES;
				CLANG_WARN_SUSPICIOUS_MOVE = YES;
				CLANG_WARN_UNGUARDED_AVAILABILITY = YES_AGGRESSIVE;
				CLANG_WARN_UNREACHABLE_CODE = YES;
				CLANG_WARN__DUPLICATE_METHOD_MATCH = YES;
				CODE_SIGN_IDENTITY = "iPhone Developer";
				COPY_PHASE_STRIP = NO;
				DEBUG_INFORMATION_FORMAT = dwarf;
				ENABLE_STRICT_OBJC_MSGSEND = YES;
				ENABLE_TESTABILITY = YES;
				GCC_C_LANGUAGE_STANDARD = gnu11;
				GCC_DYNAMIC_NO_PIC = NO;
				GCC_NO_COMMON_BLOCKS = YES;
				GCC_OPTIMIZATION_LEVEL = 0;
				GCC_PREPROCESSOR_DEFINITIONS = (
					"DEBUG=1",
					"$(inherited)",
				);
				GCC_WARN_64_TO_32_BIT_CONVERSION = YES;
				GCC_WARN_ABOUT_RETURN_TYPE = YES_ERROR;
				GCC_WARN_UNDECLARED_SELECTOR = YES;
				GCC_WARN_UNINITIALIZED_AUTOS = YES_AGGRESSIVE;
				GCC_WARN_UNUSED_FUNCTION = YES;
				GCC_WARN_UNUSED_VARIABLE = YES;
				IPHONEOS_DEPLOYMENT_TARGET = 12.2;
				MTL_ENABLE_DEBUG_INFO = INCLUDE_SOURCE;
				MTL_FAST_MATH = YES;
				ONLY_ACTIVE_ARCH = YES;
				SDKROOT = iphoneos;
				SWIFT_ACTIVE_COMPILATION_CONDITIONS = DEBUG;
				SWIFT_OPTIMIZATION_LEVEL = "-Onone";
			};
			name = Debug;
		};
		F9A610B82260039B009B26E9 /* Release */ = {
			isa = XCBuildConfiguration;
			buildSettings = {
				ALWAYS_SEARCH_USER_PATHS = NO;
				CLANG_ANALYZER_NONNULL = YES;
				CLANG_ANALYZER_NUMBER_OBJECT_CONVERSION = YES_AGGRESSIVE;
				CLANG_CXX_LANGUAGE_STANDARD = "gnu++14";
				CLANG_CXX_LIBRARY = "libc++";
				CLANG_ENABLE_MODULES = YES;
				CLANG_ENABLE_OBJC_ARC = YES;
				CLANG_ENABLE_OBJC_WEAK = YES;
				CLANG_WARN_BLOCK_CAPTURE_AUTORELEASING = YES;
				CLANG_WARN_BOOL_CONVERSION = YES;
				CLANG_WARN_COMMA = YES;
				CLANG_WARN_CONSTANT_CONVERSION = YES;
				CLANG_WARN_DEPRECATED_OBJC_IMPLEMENTATIONS = YES;
				CLANG_WARN_DIRECT_OBJC_ISA_USAGE = YES_ERROR;
				CLANG_WARN_DOCUMENTATION_COMMENTS = YES;
				CLANG_WARN_EMPTY_BODY = YES;
				CLANG_WARN_ENUM_CONVERSION = YES;
				CLANG_WARN_INFINITE_RECURSION = YES;
				CLANG_WARN_INT_CONVERSION = YES;
				CLANG_WARN_NON_LITERAL_NULL_CONVERSION = YES;
				CLANG_WARN_OBJC_IMPLICIT_RETAIN_SELF = YES;
				CLANG_WARN_OBJC_LITERAL_CONVERSION = YES;
				CLANG_WARN_OBJC_ROOT_CLASS = YES_ERROR;
				CLANG_WARN_RANGE_LOOP_ANALYSIS = YES;
				CLANG_WARN_STRICT_PROTOTYPES = YES;
				CLANG_WARN_SUSPICIOUS_MOVE = YES;
				CLANG_WARN_UNGUARDED_AVAILABILITY = YES_AGGRESSIVE;
				CLANG_WARN_UNREACHABLE_CODE = YES;
				CLANG_WARN__DUPLICATE_METHOD_MATCH = YES;
				CODE_SIGN_IDENTITY = "iPhone Developer";
				COPY_PHASE_STRIP = NO;
				DEBUG_INFORMATION_FORMAT = "dwarf-with-dsym";
				ENABLE_NS_ASSERTIONS = NO;
				ENABLE_STRICT_OBJC_MSGSEND = YES;
				GCC_C_LANGUAGE_STANDARD = gnu11;
				GCC_NO_COMMON_BLOCKS = YES;
				GCC_WARN_64_TO_32_BIT_CONVERSION = YES;
				GCC_WARN_ABOUT_RETURN_TYPE = YES_ERROR;
				GCC_WARN_UNDECLARED_SELECTOR = YES;
				GCC_WARN_UNINITIALIZED_AUTOS = YES_AGGRESSIVE;
				GCC_WARN_UNUSED_FUNCTION = YES;
				GCC_WARN_UNUSED_VARIABLE = YES;
				IPHONEOS_DEPLOYMENT_TARGET = 12.2;
				MTL_ENABLE_DEBUG_INFO = NO;
				MTL_FAST_MATH = YES;
				SDKROOT = iphoneos;
				SWIFT_COMPILATION_MODE = wholemodule;
				SWIFT_OPTIMIZATION_LEVEL = "-O";
				VALIDATE_PRODUCT = YES;
			};
			name = Release;
		};
		F9A610BA2260039B009B26E9 /* Debug */ = {
			isa = XCBuildConfiguration;
			buildSettings = {
				ASSETCATALOG_COMPILER_APPICON_NAME = AppIcon;
				CODE_SIGN_STYLE = Automatic;
				DEVELOPMENT_TEAM = ZUXBGWRX92;
				INFOPLIST_FILE = Sfygmos/Info.plist;
				LD_RUNPATH_SEARCH_PATHS = (
					"$(inherited)",
					"@executable_path/Frameworks",
				);
				PRODUCT_BUNDLE_IDENTIFIER = com.iregino.Sfygmos;
				PRODUCT_NAME = "$(TARGET_NAME)";
				SWIFT_VERSION = 5.0;
				TARGETED_DEVICE_FAMILY = "1,2";
			};
			name = Debug;
		};
		F9A610BB2260039B009B26E9 /* Release */ = {
			isa = XCBuildConfiguration;
			buildSettings = {
				ASSETCATALOG_COMPILER_APPICON_NAME = AppIcon;
				CODE_SIGN_STYLE = Automatic;
				DEVELOPMENT_TEAM = ZUXBGWRX92;
				INFOPLIST_FILE = Sfygmos/Info.plist;
				LD_RUNPATH_SEARCH_PATHS = (
					"$(inherited)",
					"@executable_path/Frameworks",
				);
				PRODUCT_BUNDLE_IDENTIFIER = com.iregino.Sfygmos;
				PRODUCT_NAME = "$(TARGET_NAME)";
				SWIFT_VERSION = 5.0;
				TARGETED_DEVICE_FAMILY = "1,2";
			};
			name = Release;
		};
/* End XCBuildConfiguration section */

/* Begin XCConfigurationList section */
		F9A610A22260039A009B26E9 /* Build configuration list for PBXProject "Sfygmos" */ = {
			isa = XCConfigurationList;
			buildConfigurations = (
				F9A610B72260039B009B26E9 /* Debug */,
				F9A610B82260039B009B26E9 /* Release */,
			);
			defaultConfigurationIsVisible = 0;
			defaultConfigurationName = Release;
		};
		F9A610B92260039B009B26E9 /* Build configuration list for PBXNativeTarget "Sfygmos" */ = {
			isa = XCConfigurationList;
			buildConfigurations = (
				F9A610BA2260039B009B26E9 /* Debug */,
				F9A610BB2260039B009B26E9 /* Release */,
			);
			defaultConfigurationIsVisible = 0;
			defaultConfigurationName = Release;
		};
/* End XCConfigurationList section */
	};
	rootObject = F9A6109F2260039A009B26E9 /* Project object */;
}
